FORGE
  remote: http://forge.puppetlabs.com
  specs:
    maestrodev/rvm (1.1.8)
      puppetlabs/stdlib (>= 3.2.0)
    puppetlabs/apt (1.1.0)
      puppetlabs/stdlib (>= 2.2.1)
    puppetlabs/mysql (0.9.0)
      puppetlabs/stdlib (>= 2.2.1)
    puppetlabs/stdlib (4.1.0)

DEPENDENCIES
  maestrodev/rvm (>= 0)
  puppetlabs/apt (>= 0)
  puppetlabs/mysql (>= 0)

